
Microsoft Visual Studio Solution File, Format Version 12.00
# Visual Studio Version 16
VisualStudioVersion = 16.0.29613.14
MinimumVisualStudioVersion = 10.0.40219.1
Project("{FAE04EC0-301F-11D3-BF4B-00C04F79EFBC}") = "ZetaChain.Net.Core", "ZetaChain.Net.Core\ZetaChain.Net.Core.csproj", "{8F7F5841-5409-451F-BABE-FA6C4E9D7DF5}"
EndProject
Global
	GlobalSection(SolutionConfigurationPlatforms) = preSolution
		Debug|Any CPU = Debug|Any CPU
		Release|Any CPU = Release|Any CPU
	EndGlobalSection
	GlobalSection(ProjectConfigurationPlatforms) = postSolution
		{8F7F5841-5409-451F-BABE-FA6C4E9D7DF5}.Debug|Any CPU.ActiveCfg = Debug|Any CPU
		{8F7F5841-5409-451F-BABE-FA6C4E9D7DF5}.Debug|Any CPU.Build.0 = Debug|Any CPU
		{8F7F5841-5409-451F-BABE-FA6C4E9D7DF5}.Release|Any CPU.ActiveCfg = Release|Any CPU
		{8F7F5841-5409-451F-BABE-FA6C4E9D7DF5}.Release|Any CPU.Build.0 = Release|Any CPU
	EndGlobalSection
	GlobalSection(SolutionProperties) = preSolution
		HideSolutionNode = FALSE
	EndGlobalSection
	GlobalSection(ExtensibilityGlobals) = postSolution
		SolutionGuid = {B58A5DB0-009D-4F1D-842A-39F2679C8280}
	EndGlobalSection
EndGlobal
